
Microsoft Visual Studio Solution File, Format Version 12.00
# Visual Studio 15
VisualStudioVersion = 15.0.27703.2042
MinimumVisualStudioVersion = 10.0.40219.1
Project("{FAE04EC0-301F-11D3-BF4B-00C04F79EFBC}") = "TestLib1", "TestLib1\TestLib1.csproj", "{9D8B77B0-93EA-4208-B2EB-7F54A9CF39C4}"
EndProject
Project("{FAE04EC0-301F-11D3-BF4B-00C04F79EFBC}") = "TestLib2", "TestLib2\TestLib2.csproj", "{D898C98D-43DB-4367-99B2-A8EF0C642593}"
EndProject
Project("{2150E333-8FDC-42A3-9474-1A3956D46DE8}") = "SlnFolder", "SlnFolder", "{ACCAE865-9B8B-496E-A1EF-E915490AC9E8}"
	ProjectSection(SolutionItems) = preProject
		version.json = version.json
	EndProjectSection
EndProject
Global
	GlobalSection(SolutionConfigurationPlatforms) = preSolution
		Debug|Any CPU = Debug|Any CPU
		Release|Any CPU = Release|Any CPU
	EndGlobalSection
	GlobalSection(ProjectConfigurationPlatforms) = postSolution
		{9D8B77B0-93EA-4208-B2EB-7F54A9CF39C4}.Debug|Any CPU.ActiveCfg = Debug|Any CPU
		{9D8B77B0-93EA-4208-B2EB-7F54A9CF39C4}.Debug|Any CPU.Build.0 = Debug|Any CPU
		{9D8B77B0-93EA-4208-B2EB-7F54A9CF39C4}.Release|Any CPU.ActiveCfg = Release|Any CPU
		{9D8B77B0-93EA-4208-B2EB-7F54A9CF39C4}.Release|Any CPU.Build.0 = Release|Any CPU
		{D898C98D-43DB-4367-99B2-A8EF0C642593}.Debug|Any CPU.ActiveCfg = Debug|Any CPU
		{D898C98D-43DB-4367-99B2-A8EF0C642593}.Debug|Any CPU.Build.0 = Debug|Any CPU
		{D898C98D-43DB-4367-99B2-A8EF0C642593}.Release|Any CPU.ActiveCfg = Release|Any CPU
		{D898C98D-43DB-4367-99B2-A8EF0C642593}.Release|Any CPU.Build.0 = Release|Any CPU
	EndGlobalSection
	GlobalSection(SolutionProperties) = preSolution
		HideSolutionNode = FALSE
	EndGlobalSection
	GlobalSection(ExtensibilityGlobals) = postSolution
		SolutionGuid = {ECBC8FFD-E278-4F76-8B56-39EE59DA82DB}
	EndGlobalSection
EndGlobal
