
Microsoft Visual Studio Solution File, Format Version 12.00
# Visual Studio Version 17
VisualStudioVersion = 17.0.31919.166
MinimumVisualStudioVersion = 10.0.40219.1
Project("{FAE04EC0-301F-11D3-BF4B-00C04F79EFBC}") = "EmailSender.Core", "EmailSender.Core\EmailSender.Core.csproj", "{DDEE4945-D58D-4966-95AF-684621EBCDBC}"
EndProject
Project("{FAE04EC0-301F-11D3-BF4B-00C04F79EFBC}") = "EmailSender.Core.Test", "EmailSender.Core.Test\EmailSender.Core.Test.csproj", "{EFE75ABB-ECCA-49C4-AE9D-8C9F24D8AEF9}"
EndProject
Global
	GlobalSection(SolutionConfigurationPlatforms) = preSolution
		Debug|Any CPU = Debug|Any CPU
		Release|Any CPU = Release|Any CPU
	EndGlobalSection
	GlobalSection(ProjectConfigurationPlatforms) = postSolution
		{DDEE4945-D58D-4966-95AF-684621EBCDBC}.Debug|Any CPU.ActiveCfg = Debug|Any CPU
		{DDEE4945-D58D-4966-95AF-684621EBCDBC}.Debug|Any CPU.Build.0 = Debug|Any CPU
		{DDEE4945-D58D-4966-95AF-684621EBCDBC}.Release|Any CPU.ActiveCfg = Release|Any CPU
		{DDEE4945-D58D-4966-95AF-684621EBCDBC}.Release|Any CPU.Build.0 = Release|Any CPU
		{EFE75ABB-ECCA-49C4-AE9D-8C9F24D8AEF9}.Debug|Any CPU.ActiveCfg = Debug|Any CPU
		{EFE75ABB-ECCA-49C4-AE9D-8C9F24D8AEF9}.Debug|Any CPU.Build.0 = Debug|Any CPU
		{EFE75ABB-ECCA-49C4-AE9D-8C9F24D8AEF9}.Release|Any CPU.ActiveCfg = Release|Any CPU
		{EFE75ABB-ECCA-49C4-AE9D-8C9F24D8AEF9}.Release|Any CPU.Build.0 = Release|Any CPU
	EndGlobalSection
	GlobalSection(SolutionProperties) = preSolution
		HideSolutionNode = FALSE
	EndGlobalSection
	GlobalSection(ExtensibilityGlobals) = postSolution
		SolutionGuid = {E7902B5A-05B0-4F0F-B8A7-74CB3EBEE528}
	EndGlobalSection
EndGlobal
